
Microsoft Visual Studio Solution File, Format Version 12.00
# Visual Studio Version 17
VisualStudioVersion = 17.8.34330.188
MinimumVisualStudioVersion = 10.0.40219.1
Project("{9A19103F-16F7-4668-BE54-9A1E7A4F7556}") = "WpfApp1", "WpfApp1.csproj", "{902C6043-93C4-4E0E-B9D1-F78A2AAA2BD4}"
EndProject
Project("{9A19103F-16F7-4668-BE54-9A1E7A4F7556}") = "ClassLibrary", "..\lab3\ClassLibrary.csproj", "{565AA14A-8393-40D4-A50C-9D7E976741EE}"
EndProject
Project("{8BC9CEB8-8B4A-11D0-8D11-00A0C91BC942}") = "Dll_for_lab3", "..\Dll_for_lab3\Dll_for_lab3.vcxproj", "{FC3477B5-1BAD-47C0-ABDF-810CE0DD5592}"
EndProject
Project("{9A19103F-16F7-4668-BE54-9A1E7A4F7556}") = "ViewModel", "..\ViewModel\ViewModel.csproj", "{58D3C400-99BF-4960-8297-F901380A8491}"
EndProject
Project("{FAE04EC0-301F-11D3-BF4B-00C04F79EFBC}") = "ClassLibrary.Tests", "..\ClassLibrary.Tests\ClassLibrary.Tests.csproj", "{F64173D0-741E-44E1-B5C0-D4C75231814D}"
EndProject
Global
	GlobalSection(SolutionConfigurationPlatforms) = preSolution
		Debug|Any CPU = Debug|Any CPU
		Debug|x64 = Debug|x64
		Debug|x86 = Debug|x86
		Release|Any CPU = Release|Any CPU
		Release|x64 = Release|x64
		Release|x86 = Release|x86
	EndGlobalSection
	GlobalSection(ProjectConfigurationPlatforms) = postSolution
		{902C6043-93C4-4E0E-B9D1-F78A2AAA2BD4}.Debug|Any CPU.ActiveCfg = Debug|Any CPU
		{902C6043-93C4-4E0E-B9D1-F78A2AAA2BD4}.Debug|Any CPU.Build.0 = Debug|Any CPU
		{902C6043-93C4-4E0E-B9D1-F78A2AAA2BD4}.Debug|x64.ActiveCfg = Debug|Any CPU
		{902C6043-93C4-4E0E-B9D1-F78A2AAA2BD4}.Debug|x64.Build.0 = Debug|Any CPU
		{902C6043-93C4-4E0E-B9D1-F78A2AAA2BD4}.Debug|x86.ActiveCfg = Debug|Any CPU
		{902C6043-93C4-4E0E-B9D1-F78A2AAA2BD4}.Debug|x86.Build.0 = Debug|Any CPU
		{902C6043-93C4-4E0E-B9D1-F78A2AAA2BD4}.Release|Any CPU.ActiveCfg = Release|Any CPU
		{902C6043-93C4-4E0E-B9D1-F78A2AAA2BD4}.Release|Any CPU.Build.0 = Release|Any CPU
		{902C6043-93C4-4E0E-B9D1-F78A2AAA2BD4}.Release|x64.ActiveCfg = Release|Any CPU
		{902C6043-93C4-4E0E-B9D1-F78A2AAA2BD4}.Release|x64.Build.0 = Release|Any CPU
		{902C6043-93C4-4E0E-B9D1-F78A2AAA2BD4}.Release|x86.ActiveCfg = Release|Any CPU
		{902C6043-93C4-4E0E-B9D1-F78A2AAA2BD4}.Release|x86.Build.0 = Release|Any CPU
		{565AA14A-8393-40D4-A50C-9D7E976741EE}.Debug|Any CPU.ActiveCfg = Debug|Any CPU
		{565AA14A-8393-40D4-A50C-9D7E976741EE}.Debug|Any CPU.Build.0 = Debug|Any CPU
		{565AA14A-8393-40D4-A50C-9D7E976741EE}.Debug|x64.ActiveCfg = Debug|x64
		{565AA14A-8393-40D4-A50C-9D7E976741EE}.Debug|x64.Build.0 = Debug|x64
		{565AA14A-8393-40D4-A50C-9D7E976741EE}.Debug|x86.ActiveCfg = Debug|Any CPU
		{565AA14A-8393-40D4-A50C-9D7E976741EE}.Debug|x86.Build.0 = Debug|Any CPU
		{565AA14A-8393-40D4-A50C-9D7E976741EE}.Release|Any CPU.ActiveCfg = Release|Any CPU
		{565AA14A-8393-40D4-A50C-9D7E976741EE}.Release|Any CPU.Build.0 = Release|Any CPU
		{565AA14A-8393-40D4-A50C-9D7E976741EE}.Release|x64.ActiveCfg = Release|x64
		{565AA14A-8393-40D4-A50C-9D7E976741EE}.Release|x64.Build.0 = Release|x64
		{565AA14A-8393-40D4-A50C-9D7E976741EE}.Release|x86.ActiveCfg = Release|Any CPU
		{565AA14A-8393-40D4-A50C-9D7E976741EE}.Release|x86.Build.0 = Release|Any CPU
		{FC3477B5-1BAD-47C0-ABDF-810CE0DD5592}.Debug|Any CPU.ActiveCfg = Debug|x64
		{FC3477B5-1BAD-47C0-ABDF-810CE0DD5592}.Debug|Any CPU.Build.0 = Debug|x64
		{FC3477B5-1BAD-47C0-ABDF-810CE0DD5592}.Debug|x64.ActiveCfg = Debug|x64
		{FC3477B5-1BAD-47C0-ABDF-810CE0DD5592}.Debug|x64.Build.0 = Debug|x64
		{FC3477B5-1BAD-47C0-ABDF-810CE0DD5592}.Debug|x86.ActiveCfg = Debug|Win32
		{FC3477B5-1BAD-47C0-ABDF-810CE0DD5592}.Debug|x86.Build.0 = Debug|Win32
		{FC3477B5-1BAD-47C0-ABDF-810CE0DD5592}.Release|Any CPU.ActiveCfg = Release|x64
		{FC3477B5-1BAD-47C0-ABDF-810CE0DD5592}.Release|Any CPU.Build.0 = Release|x64
		{FC3477B5-1BAD-47C0-ABDF-810CE0DD5592}.Release|x64.ActiveCfg = Release|x64
		{FC3477B5-1BAD-47C0-ABDF-810CE0DD5592}.Release|x64.Build.0 = Release|x64
		{FC3477B5-1BAD-47C0-ABDF-810CE0DD5592}.Release|x86.ActiveCfg = Release|Win32
		{FC3477B5-1BAD-47C0-ABDF-810CE0DD5592}.Release|x86.Build.0 = Release|Win32
		{58D3C400-99BF-4960-8297-F901380A8491}.Debug|Any CPU.ActiveCfg = Debug|Any CPU
		{58D3C400-99BF-4960-8297-F901380A8491}.Debug|Any CPU.Build.0 = Debug|Any CPU
		{58D3C400-99BF-4960-8297-F901380A8491}.Debug|x64.ActiveCfg = Debug|Any CPU
		{58D3C400-99BF-4960-8297-F901380A8491}.Debug|x64.Build.0 = Debug|Any CPU
		{58D3C400-99BF-4960-8297-F901380A8491}.Debug|x86.ActiveCfg = Debug|Any CPU
		{58D3C400-99BF-4960-8297-F901380A8491}.Debug|x86.Build.0 = Debug|Any CPU
		{58D3C400-99BF-4960-8297-F901380A8491}.Release|Any CPU.ActiveCfg = Release|Any CPU
		{58D3C400-99BF-4960-8297-F901380A8491}.Release|Any CPU.Build.0 = Release|Any CPU
		{58D3C400-99BF-4960-8297-F901380A8491}.Release|x64.ActiveCfg = Release|Any CPU
		{58D3C400-99BF-4960-8297-F901380A8491}.Release|x64.Build.0 = Release|Any CPU
		{58D3C400-99BF-4960-8297-F901380A8491}.Release|x86.ActiveCfg = Release|Any CPU
		{58D3C400-99BF-4960-8297-F901380A8491}.Release|x86.Build.0 = Release|Any CPU
		{F64173D0-741E-44E1-B5C0-D4C75231814D}.Debug|Any CPU.ActiveCfg = Debug|Any CPU
		{F64173D0-741E-44E1-B5C0-D4C75231814D}.Debug|Any CPU.Build.0 = Debug|Any CPU
		{F64173D0-741E-44E1-B5C0-D4C75231814D}.Debug|x64.ActiveCfg = Debug|Any CPU
		{F64173D0-741E-44E1-B5C0-D4C75231814D}.Debug|x64.Build.0 = Debug|Any CPU
		{F64173D0-741E-44E1-B5C0-D4C75231814D}.Debug|x86.ActiveCfg = Debug|Any CPU
		{F64173D0-741E-44E1-B5C0-D4C75231814D}.Debug|x86.Build.0 = Debug|Any CPU
		{F64173D0-741E-44E1-B5C0-D4C75231814D}.Release|Any CPU.ActiveCfg = Release|Any CPU
		{F64173D0-741E-44E1-B5C0-D4C75231814D}.Release|Any CPU.Build.0 = Release|Any CPU
		{F64173D0-741E-44E1-B5C0-D4C75231814D}.Release|x64.ActiveCfg = Release|Any CPU
		{F64173D0-741E-44E1-B5C0-D4C75231814D}.Release|x64.Build.0 = Release|Any CPU
		{F64173D0-741E-44E1-B5C0-D4C75231814D}.Release|x86.ActiveCfg = Release|Any CPU
		{F64173D0-741E-44E1-B5C0-D4C75231814D}.Release|x86.Build.0 = Release|Any CPU
	EndGlobalSection
	GlobalSection(SolutionProperties) = preSolution
		HideSolutionNode = FALSE
	EndGlobalSection
	GlobalSection(ExtensibilityGlobals) = postSolution
		SolutionGuid = {90A40CD2-B9BF-43AB-816C-8FB1D0445E6C}
	EndGlobalSection
EndGlobal
